// !$*UTF8*$!
{
	archiveVersion = 1;
	classes = {
	};
	objectVersion = 50;
	objects = {

/* Begin PBXBuildFile section */
		94F7EE6B266E84360041236C /* LandmarksApp.swift in Sources */ = {isa = PBXBuildFile; fileRef = 94F7EE6A266E84360041236C /* LandmarksApp.swift */; };
		94F7EE6D266E84360041236C /* ContentView.swift in Sources */ = {isa = PBXBuildFile; fileRef = 94F7EE6C266E84360041236C /* ContentView.swift */; };
		94F7EE6F266E84370041236C /* Assets.xcassets in Resources */ = {isa = PBXBuildFile; fileRef = 94F7EE6E266E84370041236C /* Assets.xcassets */; };
		94F7EE72266E84370041236C /* Preview Assets.xcassets in Resources */ = {isa = PBXBuildFile; fileRef = 94F7EE71266E84370041236C /* Preview Assets.xcassets */; };
		94F7EE7D266E84380041236C /* LandmarksTests.swift in Sources */ = {isa = PBXBuildFile; fileRef = 94F7EE7C266E84380041236C /* LandmarksTests.swift */; };
		94F7EE88266E84380041236C /* LandmarksUITests.swift in Sources */ = {isa = PBXBuildFile; fileRef = 94F7EE87266E84380041236C /* LandmarksUITests.swift */; };
		94F7EE96266E8A770041236C /* CircleImage.swift in Sources */ = {isa = PBXBuildFile; fileRef = 94F7EE95266E8A770041236C /* CircleImage.swift */; };
		94F7EE98266E8B0D0041236C /* MapView.swift in Sources */ = {isa = PBXBuildFile; fileRef = 94F7EE97266E8B0D0041236C /* MapView.swift */; };
		94F7EE9A266E8F6F0041236C /* landmarkData.json in Resources */ = {isa = PBXBuildFile; fileRef = 94F7EE99266E8F6F0041236C /* landmarkData.json */; };
		94F7EE9C266E8F9B0041236C /* Landmark.swift in Sources */ = {isa = PBXBuildFile; fileRef = 94F7EE9B266E8F9B0041236C /* Landmark.swift */; };
		94F7EE9E266E90A90041236C /* ModelData.swift in Sources */ = {isa = PBXBuildFile; fileRef = 94F7EE9D266E90A90041236C /* ModelData.swift */; };
		94F7EEA3266E92A80041236C /* LandmarkRow.swift in Sources */ = {isa = PBXBuildFile; fileRef = 94F7EEA2266E92A80041236C /* LandmarkRow.swift */; };
		94F7EEA5266E94D50041236C /* LandmarkList.swift in Sources */ = {isa = PBXBuildFile; fileRef = 94F7EEA4266E94D50041236C /* LandmarkList.swift */; };
		94F7EEA7266E95E60041236C /* LandmarkDetail.swift in Sources */ = {isa = PBXBuildFile; fileRef = 94F7EEA6266E95E60041236C /* LandmarkDetail.swift */; };
		94F7EEA9266FB2680041236C /* FavoriteButton.swift in Sources */ = {isa = PBXBuildFile; fileRef = 94F7EEA8266FB2680041236C /* FavoriteButton.swift */; };
		94F7EEAD266FBBCC0041236C /* HexagonParameters.swift in Sources */ = {isa = PBXBuildFile; fileRef = 94F7EEAC266FBBCC0041236C /* HexagonParameters.swift */; };
		94F7EEAF266FE38B0041236C /* BadgeBackground.swift in Sources */ = {isa = PBXBuildFile; fileRef = 94F7EEAE266FE38B0041236C /* BadgeBackground.swift */; };
		94F7EEB1266FE7E70041236C /* BadgeSymbol.swift in Sources */ = {isa = PBXBuildFile; fileRef = 94F7EEB0266FE7E70041236C /* BadgeSymbol.swift */; };
		94F7EEB3266FE9520041236C /* RotatedBadgeSymbol.swift in Sources */ = {isa = PBXBuildFile; fileRef = 94F7EEB2266FE9520041236C /* RotatedBadgeSymbol.swift */; };
		94F7EEB5266FE9690041236C /* Badge.swift in Sources */ = {isa = PBXBuildFile; fileRef = 94F7EEB4266FE9690041236C /* Badge.swift */; };
/* End PBXBuildFile section */

/* Begin PBXContainerItemProxy section */
		94F7EE79266E84380041236C /* PBXContainerItemProxy */ = {
			isa = PBXContainerItemProxy;
			containerPortal = 94F7EE5F266E84360041236C /* Project object */;
			proxyType = 1;
			remoteGlobalIDString = 94F7EE66266E84360041236C;
			remoteInfo = Landmarks;
		};
		94F7EE84266E84380041236C /* PBXContainerItemProxy */ = {
			isa = PBXContainerItemProxy;
			containerPortal = 94F7EE5F266E84360041236C /* Project object */;
			proxyType = 1;
			remoteGlobalIDString = 94F7EE66266E84360041236C;
			remoteInfo = Landmarks;
		};
/* End PBXContainerItemProxy section */

/* Begin PBXFileReference section */
		94F7EE67266E84360041236C /* Landmarks.app */ = {isa = PBXFileReference; explicitFileType = wrapper.application; includeInIndex = 0; path = Landmarks.app; sourceTree = BUILT_PRODUCTS_DIR; };
		94F7EE6A266E84360041236C /* LandmarksApp.swift */ = {isa = PBXFileReference; lastKnownFileType = sourcecode.swift; path = LandmarksApp.swift; sourceTree = "<group>"; };
		94F7EE6C266E84360041236C /* ContentView.swift */ = {isa = PBXFileReference; lastKnownFileType = sourcecode.swift; path = ContentView.swift; sourceTree = "<group>"; };
		94F7EE6E266E84370041236C /* Assets.xcassets */ = {isa = PBXFileReference; lastKnownFileType = folder.assetcatalog; path = Assets.xcassets; sourceTree = "<group>"; };
		94F7EE71266E84370041236C /* Preview Assets.xcassets */ = {isa = PBXFileReference; lastKnownFileType = folder.assetcatalog; path = "Preview Assets.xcassets"; sourceTree = "<group>"; };
		94F7EE73266E84370041236C /* Info.plist */ = {isa = PBXFileReference; lastKnownFileType = text.plist.xml; path = Info.plist; sourceTree = "<group>"; };
		94F7EE78266E84380041236C /* LandmarksTests.xctest */ = {isa = PBXFileReference; explicitFileType = wrapper.cfbundle; includeInIndex = 0; path = LandmarksTests.xctest; sourceTree = BUILT_PRODUCTS_DIR; };
		94F7EE7C266E84380041236C /* LandmarksTests.swift */ = {isa = PBXFileReference; lastKnownFileType = sourcecode.swift; path = LandmarksTests.swift; sourceTree = "<group>"; };
		94F7EE7E266E84380041236C /* Info.plist */ = {isa = PBXFileReference; lastKnownFileType = text.plist.xml; path = Info.plist; sourceTree = "<group>"; };
		94F7EE83266E84380041236C /* LandmarksUITests.xctest */ = {isa = PBXFileReference; explicitFileType = wrapper.cfbundle; includeInIndex = 0; path = LandmarksUITests.xctest; sourceTree = BUILT_PRODUCTS_DIR; };
		94F7EE87266E84380041236C /* LandmarksUITests.swift */ = {isa = PBXFileReference; lastKnownFileType = sourcecode.swift; path = LandmarksUITests.swift; sourceTree = "<group>"; };
		94F7EE89266E84380041236C /* Info.plist */ = {isa = PBXFileReference; lastKnownFileType = text.plist.xml; path = Info.plist; sourceTree = "<group>"; };
		94F7EE95266E8A770041236C /* CircleImage.swift */ = {isa = PBXFileReference; lastKnownFileType = sourcecode.swift; path = CircleImage.swift; sourceTree = "<group>"; };
		94F7EE97266E8B0D0041236C /* MapView.swift */ = {isa = PBXFileReference; lastKnownFileType = sourcecode.swift; path = MapView.swift; sourceTree = "<group>"; };
		94F7EE99266E8F6F0041236C /* landmarkData.json */ = {isa = PBXFileReference; fileEncoding = 4; lastKnownFileType = text.json; path = landmarkData.json; sourceTree = "<group>"; };
		94F7EE9B266E8F9B0041236C /* Landmark.swift */ = {isa = PBXFileReference; lastKnownFileType = sourcecode.swift; path = Landmark.swift; sourceTree = "<group>"; };
		94F7EE9D266E90A90041236C /* ModelData.swift */ = {isa = PBXFileReference; lastKnownFileType = sourcecode.swift; path = ModelData.swift; sourceTree = "<group>"; };
		94F7EEA2266E92A80041236C /* LandmarkRow.swift */ = {isa = PBXFileReference; lastKnownFileType = sourcecode.swift; path = LandmarkRow.swift; sourceTree = "<group>"; };
		94F7EEA4266E94D50041236C /* LandmarkList.swift */ = {isa = PBXFileReference; lastKnownFileType = sourcecode.swift; path = LandmarkList.swift; sourceTree = "<group>"; };
		94F7EEA6266E95E60041236C /* LandmarkDetail.swift */ = {isa = PBXFileReference; lastKnownFileType = sourcecode.swift; path = LandmarkDetail.swift; sourceTree = "<group>"; };
		94F7EEA8266FB2680041236C /* FavoriteButton.swift */ = {isa = PBXFileReference; lastKnownFileType = sourcecode.swift; path = FavoriteButton.swift; sourceTree = "<group>"; };
		94F7EEAC266FBBCC0041236C /* HexagonParameters.swift */ = {isa = PBXFileReference; lastKnownFileType = sourcecode.swift; path = HexagonParameters.swift; sourceTree = "<group>"; };
		94F7EEAE266FE38B0041236C /* BadgeBackground.swift */ = {isa = PBXFileReference; lastKnownFileType = sourcecode.swift; path = BadgeBackground.swift; sourceTree = "<group>"; };
		94F7EEB0266FE7E70041236C /* BadgeSymbol.swift */ = {isa = PBXFileReference; lastKnownFileType = sourcecode.swift; path = BadgeSymbol.swift; sourceTree = "<group>"; };
		94F7EEB2266FE9520041236C /* RotatedBadgeSymbol.swift */ = {isa = PBXFileReference; lastKnownFileType = sourcecode.swift; path = RotatedBadgeSymbol.swift; sourceTree = "<group>"; };
		94F7EEB4266FE9690041236C /* Badge.swift */ = {isa = PBXFileReference; lastKnownFileType = sourcecode.swift; path = Badge.swift; sourceTree = "<group>"; };
/* End PBXFileReference section */

/* Begin PBXFrameworksBuildPhase section */
		94F7EE64266E84360041236C /* Frameworks */ = {
			isa = PBXFrameworksBuildPhase;
			buildActionMask = 2147483647;
			files = (
			);
			runOnlyForDeploymentPostprocessing = 0;
		};
		94F7EE75266E84380041236C /* Frameworks */ = {
			isa = PBXFrameworksBuildPhase;
			buildActionMask = 2147483647;
			files = (
			);
			runOnlyForDeploymentPostprocessing = 0;
		};
		94F7EE80266E84380041236C /* Frameworks */ = {
			isa = PBXFrameworksBuildPhase;
			buildActionMask = 2147483647;
			files = (
			);
			runOnlyForDeploymentPostprocessing = 0;
		};
/* End PBXFrameworksBuildPhase section */

/* Begin PBXGroup section */
		94F7EE5E266E84360041236C = {
			isa = PBXGroup;
			children = (
				94F7EE69266E84360041236C /* Landmarks */,
				94F7EE7B266E84380041236C /* LandmarksTests */,
				94F7EE86266E84380041236C /* LandmarksUITests */,
				94F7EE68266E84360041236C /* Products */,
			);
			sourceTree = "<group>";
		};
		94F7EE68266E84360041236C /* Products */ = {
			isa = PBXGroup;
			children = (
				94F7EE67266E84360041236C /* Landmarks.app */,
				94F7EE78266E84380041236C /* LandmarksTests.xctest */,
				94F7EE83266E84380041236C /* LandmarksUITests.xctest */,
			);
			name = Products;
			sourceTree = "<group>";
		};
		94F7EE69266E84360041236C /* Landmarks */ = {
			isa = PBXGroup;
			children = (
				94F7EE6A266E84360041236C /* LandmarksApp.swift */,
				94F7EE9F266E91FA0041236C /* Views */,
				94F7EEA0266E92160041236C /* Model */,
				94F7EEA1266E92430041236C /* Resources */,
				94F7EE6E266E84370041236C /* Assets.xcassets */,
				94F7EE73266E84370041236C /* Info.plist */,
				94F7EE70266E84370041236C /* Preview Content */,
			);
			path = Landmarks;
			sourceTree = "<group>";
		};
		94F7EE70266E84370041236C /* Preview Content */ = {
			isa = PBXGroup;
			children = (
				94F7EE71266E84370041236C /* Preview Assets.xcassets */,
			);
			path = "Preview Content";
			sourceTree = "<group>";
		};
		94F7EE7B266E84380041236C /* LandmarksTests */ = {
			isa = PBXGroup;
			children = (
				94F7EE7C266E84380041236C /* LandmarksTests.swift */,
				94F7EE7E266E84380041236C /* Info.plist */,
			);
			path = LandmarksTests;
			sourceTree = "<group>";
		};
		94F7EE86266E84380041236C /* LandmarksUITests */ = {
			isa = PBXGroup;
			children = (
				94F7EE87266E84380041236C /* LandmarksUITests.swift */,
				94F7EE89266E84380041236C /* Info.plist */,
			);
			path = LandmarksUITests;
			sourceTree = "<group>";
		};
		94F7EE9F266E91FA0041236C /* Views */ = {
			isa = PBXGroup;
			children = (
				94F7EE6C266E84360041236C /* ContentView.swift */,
				94F7EEAB266FB32F0041236C /* Helpers */,
				94F7EEAA266FB31D0041236C /* Landmarks */,
				94F7EEB6266FEA8C0041236C /* Badges */,
			);
			path = Views;
			sourceTree = "<group>";
		};
		94F7EEA0266E92160041236C /* Model */ = {
			isa = PBXGroup;
			children = (
				94F7EE9B266E8F9B0041236C /* Landmark.swift */,
				94F7EE9D266E90A90041236C /* ModelData.swift */,
			);
			path = Model;
			sourceTree = "<group>";
		};
		94F7EEA1266E92430041236C /* Resources */ = {
			isa = PBXGroup;
			children = (
				94F7EE99266E8F6F0041236C /* landmarkData.json */,
			);
			path = Resources;
			sourceTree = "<group>";
		};
		94F7EEAA266FB31D0041236C /* Landmarks */ = {
			isa = PBXGroup;
			children = (
				94F7EEA2266E92A80041236C /* LandmarkRow.swift */,
				94F7EEA4266E94D50041236C /* LandmarkList.swift */,
				94F7EEA6266E95E60041236C /* LandmarkDetail.swift */,
			);
			path = Landmarks;
			sourceTree = "<group>";
		};
		94F7EEAB266FB32F0041236C /* Helpers */ = {
			isa = PBXGroup;
			children = (
				94F7EEA8266FB2680041236C /* FavoriteButton.swift */,
				94F7EE95266E8A770041236C /* CircleImage.swift */,
				94F7EE97266E8B0D0041236C /* MapView.swift */,
			);
			path = Helpers;
			sourceTree = "<group>";
		};
		94F7EEB6266FEA8C0041236C /* Badges */ = {
			isa = PBXGroup;
			children = (
				94F7EEAC266FBBCC0041236C /* HexagonParameters.swift */,
				94F7EEAE266FE38B0041236C /* BadgeBackground.swift */,
				94F7EEB0266FE7E70041236C /* BadgeSymbol.swift */,
				94F7EEB2266FE9520041236C /* RotatedBadgeSymbol.swift */,
				94F7EEB4266FE9690041236C /* Badge.swift */,
			);
			path = Badges;
			sourceTree = "<group>";
		};
/* End PBXGroup section */

/* Begin PBXNativeTarget section */
		94F7EE66266E84360041236C /* Landmarks */ = {
			isa = PBXNativeTarget;
			buildConfigurationList = 94F7EE8C266E84380041236C /* Build configuration list for PBXNativeTarget "Landmarks" */;
			buildPhases = (
				94F7EE63266E84360041236C /* Sources */,
				94F7EE64266E84360041236C /* Frameworks */,
				94F7EE65266E84360041236C /* Resources */,
			);
			buildRules = (
			);
			dependencies = (
			);
			name = Landmarks;
			productName = Landmarks;
			productReference = 94F7EE67266E84360041236C /* Landmarks.app */;
			productType = "com.apple.product-type.application";
		};
		94F7EE77266E84380041236C /* LandmarksTests */ = {
			isa = PBXNativeTarget;
			buildConfigurationList = 94F7EE8F266E84380041236C /* Build configuration list for PBXNativeTarget "LandmarksTests" */;
			buildPhases = (
				94F7EE74266E84380041236C /* Sources */,
				94F7EE75266E84380041236C /* Frameworks */,
				94F7EE76266E84380041236C /* Resources */,
			);
			buildRules = (
			);
			dependencies = (
				94F7EE7A266E84380041236C /* PBXTargetDependency */,
			);
			name = LandmarksTests;
			productName = LandmarksTests;
			productReference = 94F7EE78266E84380041236C /* LandmarksTests.xctest */;
			productType = "com.apple.product-type.bundle.unit-test";
		};
		94F7EE82266E84380041236C /* LandmarksUITests */ = {
			isa = PBXNativeTarget;
			buildConfigurationList = 94F7EE92266E84380041236C /* Build configuration list for PBXNativeTarget "LandmarksUITests" */;
			buildPhases = (
				94F7EE7F266E84380041236C /* Sources */,
				94F7EE80266E84380041236C /* Frameworks */,
				94F7EE81266E84380041236C /* Resources */,
			);
			buildRules = (
			);
			dependencies = (
				94F7EE85266E84380041236C /* PBXTargetDependency */,
			);
			name = LandmarksUITests;
			productName = LandmarksUITests;
			productReference = 94F7EE83266E84380041236C /* LandmarksUITests.xctest */;
			productType = "com.apple.product-type.bundle.ui-testing";
		};
/* End PBXNativeTarget section */

/* Begin PBXProject section */
		94F7EE5F266E84360041236C /* Project object */ = {
			isa = PBXProject;
			attributes = {
				LastSwiftUpdateCheck = 1250;
				LastUpgradeCheck = 1250;
				TargetAttributes = {
					94F7EE66266E84360041236C = {
						CreatedOnToolsVersion = 12.5;
					};
					94F7EE77266E84380041236C = {
						CreatedOnToolsVersion = 12.5;
						TestTargetID = 94F7EE66266E84360041236C;
					};
					94F7EE82266E84380041236C = {
						CreatedOnToolsVersion = 12.5;
						TestTargetID = 94F7EE66266E84360041236C;
					};
				};
			};
			buildConfigurationList = 94F7EE62266E84360041236C /* Build configuration list for PBXProject "Landmarks" */;
			compatibilityVersion = "Xcode 9.3";
			developmentRegion = en;
			hasScannedForEncodings = 0;
			knownRegions = (
				en,
				Base,
			);
			mainGroup = 94F7EE5E266E84360041236C;
			productRefGroup = 94F7EE68266E84360041236C /* Products */;
			projectDirPath = "";
			projectRoot = "";
			targets = (
				94F7EE66266E84360041236C /* Landmarks */,
				94F7EE77266E84380041236C /* LandmarksTests */,
				94F7EE82266E84380041236C /* LandmarksUITests */,
			);
		};
/* End PBXProject section */

/* Begin PBXResourcesBuildPhase section */
		94F7EE65266E84360041236C /* Resources */ = {
			isa = PBXResourcesBuildPhase;
			buildActionMask = 2147483647;
			files = (
				94F7EE72266E84370041236C /* Preview Assets.xcassets in Resources */,
				94F7EE6F266E84370041236C /* Assets.xcassets in Resources */,
				94F7EE9A266E8F6F0041236C /* landmarkData.json in Resources */,
			);
			runOnlyForDeploymentPostprocessing = 0;
		};
		94F7EE76266E84380041236C /* Resources */ = {
			isa = PBXResourcesBuildPhase;
			buildActionMask = 2147483647;
			files = (
			);
			runOnlyForDeploymentPostprocessing = 0;
		};
		94F7EE81266E84380041236C /* Resources */ = {
			isa = PBXResourcesBuildPhase;
			buildActionMask = 2147483647;
			files = (
			);
			runOnlyForDeploymentPostprocessing = 0;
		};
/* End PBXResourcesBuildPhase section */

/* Begin PBXSourcesBuildPhase section */
		94F7EE63266E84360041236C /* Sources */ = {
			isa = PBXSourcesBuildPhase;
			buildActionMask = 2147483647;
			files = (
				94F7EE6D266E84360041236C /* ContentView.swift in Sources */,
				94F7EEB5266FE9690041236C /* Badge.swift in Sources */,
				94F7EE98266E8B0D0041236C /* MapView.swift in Sources */,
				94F7EE6B266E84360041236C /* LandmarksApp.swift in Sources */,
				94F7EEA9266FB2680041236C /* FavoriteButton.swift in Sources */,
				94F7EEAD266FBBCC0041236C /* HexagonParameters.swift in Sources */,
				94F7EEB3266FE9520041236C /* RotatedBadgeSymbol.swift in Sources */,
				94F7EEB1266FE7E70041236C /* BadgeSymbol.swift in Sources */,
				94F7EEA5266E94D50041236C /* LandmarkList.swift in Sources */,
				94F7EEA7266E95E60041236C /* LandmarkDetail.swift in Sources */,
				94F7EEAF266FE38B0041236C /* BadgeBackground.swift in Sources */,
				94F7EE96266E8A770041236C /* CircleImage.swift in Sources */,
				94F7EE9C266E8F9B0041236C /* Landmark.swift in Sources */,
				94F7EEA3266E92A80041236C /* LandmarkRow.swift in Sources */,
				94F7EE9E266E90A90041236C /* ModelData.swift in Sources */,
			);
			runOnlyForDeploymentPostprocessing = 0;
		};
		94F7EE74266E84380041236C /* Sources */ = {
			isa = PBXSourcesBuildPhase;
			buildActionMask = 2147483647;
			files = (
				94F7EE7D266E84380041236C /* LandmarksTests.swift in Sources */,
			);
			runOnlyForDeploymentPostprocessing = 0;
		};
		94F7EE7F266E84380041236C /* Sources */ = {
			isa = PBXSourcesBuildPhase;
			buildActionMask = 2147483647;
			files = (
				94F7EE88266E84380041236C /* LandmarksUITests.swift in Sources */,
			);
			runOnlyForDeploymentPostprocessing = 0;
		};
/* End PBXSourcesBuildPhase section */

/* Begin PBXTargetDependency section */
		94F7EE7A266E84380041236C /* PBXTargetDependency */ = {
			isa = PBXTargetDependency;
			target = 94F7EE66266E84360041236C /* Landmarks */;
			targetProxy = 94F7EE79266E84380041236C /* PBXContainerItemProxy */;
		};
		94F7EE85266E84380041236C /* PBXTargetDependency */ = {
			isa = PBXTargetDependency;
			target = 94F7EE66266E84360041236C /* Landmarks */;
			targetProxy = 94F7EE84266E84380041236C /* PBXContainerItemProxy */;
		};
/* End PBXTargetDependency section */

/* Begin XCBuildConfiguration section */
		94F7EE8A266E84380041236C /* Debug */ = {
			isa = XCBuildConfiguration;
			buildSettings = {
				ALWAYS_SEARCH_USER_PATHS = NO;
				CLANG_ANALYZER_NONNULL = YES;
				CLANG_ANALYZER_NUMBER_OBJECT_CONVERSION = YES_AGGRESSIVE;
				CLANG_CXX_LANGUAGE_STANDARD = "gnu++14";
				CLANG_CXX_LIBRARY = "libc++";
				CLANG_ENABLE_MODULES = YES;
				CLANG_ENABLE_OBJC_ARC = YES;
				CLANG_ENABLE_OBJC_WEAK = YES;
				CLANG_WARN_BLOCK_CAPTURE_AUTORELEASING = YES;
				CLANG_WARN_BOOL_CONVERSION = YES;
				CLANG_WARN_COMMA = YES;
				CLANG_WARN_CONSTANT_CONVERSION = YES;
				CLANG_WARN_DEPRECATED_OBJC_IMPLEMENTATIONS = YES;
				CLANG_WARN_DIRECT_OBJC_ISA_USAGE = YES_ERROR;
				CLANG_WARN_DOCUMENTATION_COMMENTS = YES;
				CLANG_WARN_EMPTY_BODY = YES;
				CLANG_WARN_ENUM_CONVERSION = YES;
				CLANG_WARN_INFINITE_RECURSION = YES;
				CLANG_WARN_INT_CONVERSION = YES;
				CLANG_WARN_NON_LITERAL_NULL_CONVERSION = YES;
				CLANG_WARN_OBJC_IMPLICIT_RETAIN_SELF = YES;
				CLANG_WARN_OBJC_LITERAL_CONVERSION = YES;
				CLANG_WARN_OBJC_ROOT_CLASS = YES_ERROR;
				CLANG_WARN_QUOTED_INCLUDE_IN_FRAMEWORK_HEADER = YES;
				CLANG_WARN_RANGE_LOOP_ANALYSIS = YES;
				CLANG_WARN_STRICT_PROTOTYPES = YES;
				CLANG_WARN_SUSPICIOUS_MOVE = YES;
				CLANG_WARN_UNGUARDED_AVAILABILITY = YES_AGGRESSIVE;
				CLANG_WARN_UNREACHABLE_CODE = YES;
				CLANG_WARN__DUPLICATE_METHOD_MATCH = YES;
				COPY_PHASE_STRIP = NO;
				DEBUG_INFORMATION_FORMAT = dwarf;
				ENABLE_STRICT_OBJC_MSGSEND = YES;
				ENABLE_TESTABILITY = YES;
				GCC_C_LANGUAGE_STANDARD = gnu11;
				GCC_DYNAMIC_NO_PIC = NO;
				GCC_NO_COMMON_BLOCKS = YES;
				GCC_OPTIMIZATION_LEVEL = 0;
				GCC_PREPROCESSOR_DEFINITIONS = (
					"DEBUG=1",
					"$(inherited)",
				);
				GCC_WARN_64_TO_32_BIT_CONVERSION = YES;
				GCC_WARN_ABOUT_RETURN_TYPE = YES_ERROR;
				GCC_WARN_UNDECLARED_SELECTOR = YES;
				GCC_WARN_UNINITIALIZED_AUTOS = YES_AGGRESSIVE;
				GCC_WARN_UNUSED_FUNCTION = YES;
				GCC_WARN_UNUSED_VARIABLE = YES;
				IPHONEOS_DEPLOYMENT_TARGET = 14.5;
				MTL_ENABLE_DEBUG_INFO = INCLUDE_SOURCE;
				MTL_FAST_MATH = YES;
				ONLY_ACTIVE_ARCH = YES;
				SDKROOT = iphoneos;
				SWIFT_ACTIVE_COMPILATION_CONDITIONS = DEBUG;
				SWIFT_OPTIMIZATION_LEVEL = "-Onone";
			};
			name = Debug;
		};
		94F7EE8B266E84380041236C /* Release */ = {
			isa = XCBuildConfiguration;
			buildSettings = {
				ALWAYS_SEARCH_USER_PATHS = NO;
				CLANG_ANALYZER_NONNULL = YES;
				CLANG_ANALYZER_NUMBER_OBJECT_CONVERSION = YES_AGGRESSIVE;
				CLANG_CXX_LANGUAGE_STANDARD = "gnu++14";
				CLANG_CXX_LIBRARY = "libc++";
				CLANG_ENABLE_MODULES = YES;
				CLANG_ENABLE_OBJC_ARC = YES;
				CLANG_ENABLE_OBJC_WEAK = YES;
				CLANG_WARN_BLOCK_CAPTURE_AUTORELEASING = YES;
				CLANG_WARN_BOOL_CONVERSION = YES;
				CLANG_WARN_COMMA = YES;
				CLANG_WARN_CONSTANT_CONVERSION = YES;
				CLANG_WARN_DEPRECATED_OBJC_IMPLEMENTATIONS = YES;
				CLANG_WARN_DIRECT_OBJC_ISA_USAGE = YES_ERROR;
				CLANG_WARN_DOCUMENTATION_COMMENTS = YES;
				CLANG_WARN_EMPTY_BODY = YES;
				CLANG_WARN_ENUM_CONVERSION = YES;
				CLANG_WARN_INFINITE_RECURSION = YES;
				CLANG_WARN_INT_CONVERSION = YES;
				CLANG_WARN_NON_LITERAL_NULL_CONVERSION = YES;
				CLANG_WARN_OBJC_IMPLICIT_RETAIN_SELF = YES;
				CLANG_WARN_OBJC_LITERAL_CONVERSION = YES;
				CLANG_WARN_OBJC_ROOT_CLASS = YES_ERROR;
				CLANG_WARN_QUOTED_INCLUDE_IN_FRAMEWORK_HEADER = YES;
				CLANG_WARN_RANGE_LOOP_ANALYSIS = YES;
				CLANG_WARN_STRICT_PROTOTYPES = YES;
				CLANG_WARN_SUSPICIOUS_MOVE = YES;
				CLANG_WARN_UNGUARDED_AVAILABILITY = YES_AGGRESSIVE;
				CLANG_WARN_UNREACHABLE_CODE = YES;
				CLANG_WARN__DUPLICATE_METHOD_MATCH = YES;
				COPY_PHASE_STRIP = NO;
				DEBUG_INFORMATION_FORMAT = "dwarf-with-dsym";
				ENABLE_NS_ASSERTIONS = NO;
				ENABLE_STRICT_OBJC_MSGSEND = YES;
				GCC_C_LANGUAGE_STANDARD = gnu11;
				GCC_NO_COMMON_BLOCKS = YES;
				GCC_WARN_64_TO_32_BIT_CONVERSION = YES;
				GCC_WARN_ABOUT_RETURN_TYPE = YES_ERROR;
				GCC_WARN_UNDECLARED_SELECTOR = YES;
				GCC_WARN_UNINITIALIZED_AUTOS = YES_AGGRESSIVE;
				GCC_WARN_UNUSED_FUNCTION = YES;
				GCC_WARN_UNUSED_VARIABLE = YES;
				IPHONEOS_DEPLOYMENT_TARGET = 14.5;
				MTL_ENABLE_DEBUG_INFO = NO;
				MTL_FAST_MATH = YES;
				SDKROOT = iphoneos;
				SWIFT_COMPILATION_MODE = wholemodule;
				SWIFT_OPTIMIZATION_LEVEL = "-O";
				VALIDATE_PRODUCT = YES;
			};
			name = Release;
		};
		94F7EE8D266E84380041236C /* Debug */ = {
			isa = XCBuildConfiguration;
			buildSettings = {
				ASSETCATALOG_COMPILER_APPICON_NAME = AppIcon;
				ASSETCATALOG_COMPILER_GLOBAL_ACCENT_COLOR_NAME = AccentColor;
				CODE_SIGN_STYLE = Automatic;
				DEVELOPMENT_ASSET_PATHS = "\"Landmarks/Preview Content\"";
				ENABLE_PREVIEWS = YES;
				INFOPLIST_FILE = Landmarks/Info.plist;
				IPHONEOS_DEPLOYMENT_TARGET = 14.0;
				LD_RUNPATH_SEARCH_PATHS = (
					"$(inherited)",
					"@executable_path/Frameworks",
				);
				PRODUCT_BUNDLE_IDENTIFIER = uncrownedthrone.Landmarks;
				PRODUCT_NAME = "$(TARGET_NAME)";
				SWIFT_VERSION = 5.0;
				TARGETED_DEVICE_FAMILY = "1,2";
			};
			name = Debug;
		};
		94F7EE8E266E84380041236C /* Release */ = {
			isa = XCBuildConfiguration;
			buildSettings = {
				ASSETCATALOG_COMPILER_APPICON_NAME = AppIcon;
				ASSETCATALOG_COMPILER_GLOBAL_ACCENT_COLOR_NAME = AccentColor;
				CODE_SIGN_STYLE = Automatic;
				DEVELOPMENT_ASSET_PATHS = "\"Landmarks/Preview Content\"";
				ENABLE_PREVIEWS = YES;
				INFOPLIST_FILE = Landmarks/Info.plist;
				IPHONEOS_DEPLOYMENT_TARGET = 14.0;
				LD_RUNPATH_SEARCH_PATHS = (
					"$(inherited)",
					"@executable_path/Frameworks",
				);
				PRODUCT_BUNDLE_IDENTIFIER = uncrownedthrone.Landmarks;
				PRODUCT_NAME = "$(TARGET_NAME)";
				SWIFT_VERSION = 5.0;
				TARGETED_DEVICE_FAMILY = "1,2";
			};
			name = Release;
		};
		94F7EE90266E84380041236C /* Debug */ = {
			isa = XCBuildConfiguration;
			buildSettings = {
				ALWAYS_EMBED_SWIFT_STANDARD_LIBRARIES = YES;
				BUNDLE_LOADER = "$(TEST_HOST)";
				CODE_SIGN_STYLE = Automatic;
				INFOPLIST_FILE = LandmarksTests/Info.plist;
				IPHONEOS_DEPLOYMENT_TARGET = 14.0;
				LD_RUNPATH_SEARCH_PATHS = (
					"$(inherited)",
					"@executable_path/Frameworks",
					"@loader_path/Frameworks",
				);
				PRODUCT_BUNDLE_IDENTIFIER = uncrownedthrone.LandmarksTests;
				PRODUCT_NAME = "$(TARGET_NAME)";
				SWIFT_VERSION = 5.0;
				TARGETED_DEVICE_FAMILY = "1,2";
				TEST_HOST = "$(BUILT_PRODUCTS_DIR)/Landmarks.app/Landmarks";
			};
			name = Debug;
		};
		94F7EE91266E84380041236C /* Release */ = {
			isa = XCBuildConfiguration;
			buildSettings = {
				ALWAYS_EMBED_SWIFT_STANDARD_LIBRARIES = YES;
				BUNDLE_LOADER = "$(TEST_HOST)";
				CODE_SIGN_STYLE = Automatic;
				INFOPLIST_FILE = LandmarksTests/Info.plist;
				IPHONEOS_DEPLOYMENT_TARGET = 14.0;
				LD_RUNPATH_SEARCH_PATHS = (
					"$(inherited)",
					"@executable_path/Frameworks",
					"@loader_path/Frameworks",
				);
				PRODUCT_BUNDLE_IDENTIFIER = uncrownedthrone.LandmarksTests;
				PRODUCT_NAME = "$(TARGET_NAME)";
				SWIFT_VERSION = 5.0;
				TARGETED_DEVICE_FAMILY = "1,2";
				TEST_HOST = "$(BUILT_PRODUCTS_DIR)/Landmarks.app/Landmarks";
			};
			name = Release;
		};
		94F7EE93266E84380041236C /* Debug */ = {
			isa = XCBuildConfiguration;
			buildSettings = {
				ALWAYS_EMBED_SWIFT_STANDARD_LIBRARIES = YES;
				CODE_SIGN_STYLE = Automatic;
				INFOPLIST_FILE = LandmarksUITests/Info.plist;
				LD_RUNPATH_SEARCH_PATHS = (
					"$(inherited)",
					"@executable_path/Frameworks",
					"@loader_path/Frameworks",
				);
				PRODUCT_BUNDLE_IDENTIFIER = uncrownedthrone.LandmarksUITests;
				PRODUCT_NAME = "$(TARGET_NAME)";
				SWIFT_VERSION = 5.0;
				TARGETED_DEVICE_FAMILY = "1,2";
				TEST_TARGET_NAME = Landmarks;
			};
			name = Debug;
		};
		94F7EE94266E84380041236C /* Release */ = {
			isa = XCBuildConfiguration;
			buildSettings = {
				ALWAYS_EMBED_SWIFT_STANDARD_LIBRARIES = YES;
				CODE_SIGN_STYLE = Automatic;
				INFOPLIST_FILE = LandmarksUITests/Info.plist;
				LD_RUNPATH_SEARCH_PATHS = (
					"$(inherited)",
					"@executable_path/Frameworks",
					"@loader_path/Frameworks",
				);
				PRODUCT_BUNDLE_IDENTIFIER = uncrownedthrone.LandmarksUITests;
				PRODUCT_NAME = "$(TARGET_NAME)";
				SWIFT_VERSION = 5.0;
				TARGETED_DEVICE_FAMILY = "1,2";
				TEST_TARGET_NAME = Landmarks;
			};
			name = Release;
		};
/* End XCBuildConfiguration section */

/* Begin XCConfigurationList section */
		94F7EE62266E84360041236C /* Build configuration list for PBXProject "Landmarks" */ = {
			isa = XCConfigurationList;
			buildConfigurations = (
				94F7EE8A266E84380041236C /* Debug */,
				94F7EE8B266E84380041236C /* Release */,
			);
			defaultConfigurationIsVisible = 0;
			defaultConfigurationName = Release;
		};
		94F7EE8C266E84380041236C /* Build configuration list for PBXNativeTarget "Landmarks" */ = {
			isa = XCConfigurationList;
			buildConfigurations = (
				94F7EE8D266E84380041236C /* Debug */,
				94F7EE8E266E84380041236C /* Release */,
			);
			defaultConfigurationIsVisible = 0;
			defaultConfigurationName = Release;
		};
		94F7EE8F266E84380041236C /* Build configuration list for PBXNativeTarget "LandmarksTests" */ = {
			isa = XCConfigurationList;
			buildConfigurations = (
				94F7EE90266E84380041236C /* Debug */,
				94F7EE91266E84380041236C /* Release */,
			);
			defaultConfigurationIsVisible = 0;
			defaultConfigurationName = Release;
		};
		94F7EE92266E84380041236C /* Build configuration list for PBXNativeTarget "LandmarksUITests" */ = {
			isa = XCConfigurationList;
			buildConfigurations = (
				94F7EE93266E84380041236C /* Debug */,
				94F7EE94266E84380041236C /* Release */,
			);
			defaultConfigurationIsVisible = 0;
			defaultConfigurationName = Release;
		};
/* End XCConfigurationList section */
	};
	rootObject = 94F7EE5F266E84360041236C /* Project object */;
}
